# This file is automatically @generated by Cargo.
# It is not intended for manual editing.
version = 4

[[package]]
name = "bop-cli"
version = "0.2.0"
dependencies = [
 "bop-lang",
 "bop-sys",
]

[[package]]
name = "bop-compile"
version = "0.2.0"
dependencies = [
 "bop-lang",
 "bop-std",
 "bop-vm",
]

[[package]]
name = "bop-lang"
version = "0.2.0"

[[package]]
name = "bop-std"
version = "0.2.0"
dependencies = [
 "bop-lang",
]

[[package]]
name = "bop-sys"
version = "0.2.0"
dependencies = [
 "bop-lang",
 "bop-std",
]

[[package]]
name = "bop-vm"
version = "0.2.0"
dependencies = [
 "bop-lang",
 "bop-std",
]
